
Microsoft Visual Studio Solution File, Format Version 12.00
# Visual Studio Version 16
VisualStudioVersion = 16.0.31005.135
MinimumVisualStudioVersion = 10.0.40219.1
Project("{FAE04EC0-301F-11D3-BF4B-00C04F79EFBC}") = "QualityOfLife", "QualityOfLife\QualityOfLife.csproj", "{2B849E65-4E5C-4B36-A68C-4625D119281E}"
EndProject
Global
	GlobalSection(SolutionConfigurationPlatforms) = preSolution
		Debug|Any CPU = Debug|Any CPU
		Release|Any CPU = Release|Any CPU
	EndGlobalSection
	GlobalSection(ProjectConfigurationPlatforms) = postSolution
		{2B849E65-4E5C-4B36-A68C-4625D119281E}.Debug|Any CPU.ActiveCfg = Debug|Any CPU
		{2B849E65-4E5C-4B36-A68C-4625D119281E}.Debug|Any CPU.Build.0 = Debug|Any CPU
		{2B849E65-4E5C-4B36-A68C-4625D119281E}.Release|Any CPU.ActiveCfg = Release|Any CPU
		{2B849E65-4E5C-4B36-A68C-4625D119281E}.Release|Any CPU.Build.0 = Release|Any CPU
	EndGlobalSection
	GlobalSection(SolutionProperties) = preSolution
		HideSolutionNode = FALSE
	EndGlobalSection
	GlobalSection(ExtensibilityGlobals) = postSolution
		SolutionGuid = {9721DD86-F8A6-46B7-A7E2-B2427517B64A}
	EndGlobalSection
EndGlobal
